
Microsoft Visual Studio Solution File, Format Version 12.00
# Visual Studio Version 17
VisualStudioVersion = 17.8.34525.116
MinimumVisualStudioVersion = 10.0.40219.1
Project("{8BC9CEB8-8B4A-11D0-8D11-00A0C91BC942}") = "Lab1", "Lab1\Lab1.vcxproj", "{2DF27A21-C995-4B48-99E5-301E80809625}"
EndProject
Project("{8BC9CEB8-8B4A-11D0-8D11-00A0C91BC942}") = "Lab2", "Lab2\Lab2.vcxproj", "{F78A6826-F648-4AD2-BFBA-18CE0DE62367}"
EndProject
Project("{8BC9CEB8-8B4A-11D0-8D11-00A0C91BC942}") = "Lab3", "Lab3\Lab3.vcxproj", "{661756C8-2E32-49FA-AC81-50CC50F938A1}"
EndProject
Project("{8BC9CEB8-8B4A-11D0-8D11-00A0C91BC942}") = "Lab4", "Lab4\Lab4.vcxproj", "{CFB5421A-5D49-4040-8AB5-0103ED5F1440}"
EndProject
Project("{8BC9CEB8-8B4A-11D0-8D11-00A0C91BC942}") = "CompTask_BinaryTrees", "CompTask_BinaryTrees\CompTask_BinaryTrees.vcxproj", "{376E0BBD-2C63-4EB7-BED8-C07C2836ED58}"
EndProject
Project("{8BC9CEB8-8B4A-11D0-8D11-00A0C91BC942}") = "Lab5", "Lab5\Lab5.vcxproj", "{32702899-32D8-41C5-9463-6C99E2253ECF}"
EndProject
Global
	GlobalSection(SolutionConfigurationPlatforms) = preSolution
		Debug|x64 = Debug|x64
		Debug|x86 = Debug|x86
		Release|x64 = Release|x64
		Release|x86 = Release|x86
	EndGlobalSection
	GlobalSection(ProjectConfigurationPlatforms) = postSolution
		{2DF27A21-C995-4B48-99E5-301E80809625}.Debug|x64.ActiveCfg = Debug|x64
		{2DF27A21-C995-4B48-99E5-301E80809625}.Debug|x64.Build.0 = Debug|x64
		{2DF27A21-C995-4B48-99E5-301E80809625}.Debug|x86.ActiveCfg = Debug|Win32
		{2DF27A21-C995-4B48-99E5-301E80809625}.Debug|x86.Build.0 = Debug|Win32
		{2DF27A21-C995-4B48-99E5-301E80809625}.Release|x64.ActiveCfg = Release|x64
		{2DF27A21-C995-4B48-99E5-301E80809625}.Release|x64.Build.0 = Release|x64
		{2DF27A21-C995-4B48-99E5-301E80809625}.Release|x86.ActiveCfg = Release|Win32
		{2DF27A21-C995-4B48-99E5-301E80809625}.Release|x86.Build.0 = Release|Win32
		{F78A6826-F648-4AD2-BFBA-18CE0DE62367}.Debug|x64.ActiveCfg = Debug|x64
		{F78A6826-F648-4AD2-BFBA-18CE0DE62367}.Debug|x64.Build.0 = Debug|x64
		{F78A6826-F648-4AD2-BFBA-18CE0DE62367}.Debug|x86.ActiveCfg = Debug|Win32
		{F78A6826-F648-4AD2-BFBA-18CE0DE62367}.Debug|x86.Build.0 = Debug|Win32
		{F78A6826-F648-4AD2-BFBA-18CE0DE62367}.Release|x64.ActiveCfg = Release|x64
		{F78A6826-F648-4AD2-BFBA-18CE0DE62367}.Release|x64.Build.0 = Release|x64
		{F78A6826-F648-4AD2-BFBA-18CE0DE62367}.Release|x86.ActiveCfg = Release|Win32
		{F78A6826-F648-4AD2-BFBA-18CE0DE62367}.Release|x86.Build.0 = Release|Win32
		{661756C8-2E32-49FA-AC81-50CC50F938A1}.Debug|x64.ActiveCfg = Debug|x64
		{661756C8-2E32-49FA-AC81-50CC50F938A1}.Debug|x64.Build.0 = Debug|x64
		{661756C8-2E32-49FA-AC81-50CC50F938A1}.Debug|x86.ActiveCfg = Debug|Win32
		{661756C8-2E32-49FA-AC81-50CC50F938A1}.Debug|x86.Build.0 = Debug|Win32
		{661756C8-2E32-49FA-AC81-50CC50F938A1}.Release|x64.ActiveCfg = Release|x64
		{661756C8-2E32-49FA-AC81-50CC50F938A1}.Release|x64.Build.0 = Release|x64
		{661756C8-2E32-49FA-AC81-50CC50F938A1}.Release|x86.ActiveCfg = Release|Win32
		{661756C8-2E32-49FA-AC81-50CC50F938A1}.Release|x86.Build.0 = Release|Win32
		{CFB5421A-5D49-4040-8AB5-0103ED5F1440}.Debug|x64.ActiveCfg = Debug|x64
		{CFB5421A-5D49-4040-8AB5-0103ED5F1440}.Debug|x64.Build.0 = Debug|x64
		{CFB5421A-5D49-4040-8AB5-0103ED5F1440}.Debug|x86.ActiveCfg = Debug|Win32
		{CFB5421A-5D49-4040-8AB5-0103ED5F1440}.Debug|x86.Build.0 = Debug|Win32
		{CFB5421A-5D49-4040-8AB5-0103ED5F1440}.Release|x64.ActiveCfg = Release|x64
		{CFB5421A-5D49-4040-8AB5-0103ED5F1440}.Release|x64.Build.0 = Release|x64
		{CFB5421A-5D49-4040-8AB5-0103ED5F1440}.Release|x86.ActiveCfg = Release|Win32
		{CFB5421A-5D49-4040-8AB5-0103ED5F1440}.Release|x86.Build.0 = Release|Win32
		{376E0BBD-2C63-4EB7-BED8-C07C2836ED58}.Debug|x64.ActiveCfg = Debug|x64
		{376E0BBD-2C63-4EB7-BED8-C07C2836ED58}.Debug|x64.Build.0 = Debug|x64
		{376E0BBD-2C63-4EB7-BED8-C07C2836ED58}.Debug|x86.ActiveCfg = Debug|Win32
		{376E0BBD-2C63-4EB7-BED8-C07C2836ED58}.Debug|x86.Build.0 = Debug|Win32
		{376E0BBD-2C63-4EB7-BED8-C07C2836ED58}.Release|x64.ActiveCfg = Release|x64
		{376E0BBD-2C63-4EB7-BED8-C07C2836ED58}.Release|x64.Build.0 = Release|x64
		{376E0BBD-2C63-4EB7-BED8-C07C2836ED58}.Release|x86.ActiveCfg = Release|Win32
		{376E0BBD-2C63-4EB7-BED8-C07C2836ED58}.Release|x86.Build.0 = Release|Win32
		{32702899-32D8-41C5-9463-6C99E2253ECF}.Debug|x64.ActiveCfg = Debug|x64
		{32702899-32D8-41C5-9463-6C99E2253ECF}.Debug|x64.Build.0 = Debug|x64
		{32702899-32D8-41C5-9463-6C99E2253ECF}.Debug|x86.ActiveCfg = Debug|Win32
		{32702899-32D8-41C5-9463-6C99E2253ECF}.Debug|x86.Build.0 = Debug|Win32
		{32702899-32D8-41C5-9463-6C99E2253ECF}.Release|x64.ActiveCfg = Release|x64
		{32702899-32D8-41C5-9463-6C99E2253ECF}.Release|x64.Build.0 = Release|x64
		{32702899-32D8-41C5-9463-6C99E2253ECF}.Release|x86.ActiveCfg = Release|Win32
		{32702899-32D8-41C5-9463-6C99E2253ECF}.Release|x86.Build.0 = Release|Win32
	EndGlobalSection
	GlobalSection(SolutionProperties) = preSolution
		HideSolutionNode = FALSE
	EndGlobalSection
	GlobalSection(ExtensibilityGlobals) = postSolution
		SolutionGuid = {E4E228EE-E0FC-46A0-990F-A9BAF0C42AE1}
	EndGlobalSection
EndGlobal
